
Microsoft Visual Studio Solution File, Format Version 12.00
# Visual Studio 2012
Project("{8BC9CEB8-8B4A-11D0-8D11-00A0C91BC942}") = "nextPermutation", "nextPermutation.vcxproj", "{DF4ACD50-91AF-427F-9A8A-6671517471BB}"
EndProject
Global
	GlobalSection(SolutionConfigurationPlatforms) = preSolution
		Debug|Win32 = Debug|Win32
		Release|Win32 = Release|Win32
	EndGlobalSection
	GlobalSection(ProjectConfigurationPlatforms) = postSolution
		{DF4ACD50-91AF-427F-9A8A-6671517471BB}.Debug|Win32.ActiveCfg = Debug|Win32
		{DF4ACD50-91AF-427F-9A8A-6671517471BB}.Debug|Win32.Build.0 = Debug|Win32
		{DF4ACD50-91AF-427F-9A8A-6671517471BB}.Release|Win32.ActiveCfg = Release|Win32
		{DF4ACD50-91AF-427F-9A8A-6671517471BB}.Release|Win32.Build.0 = Release|Win32
	EndGlobalSection
	GlobalSection(SolutionProperties) = preSolution
		HideSolutionNode = FALSE
	EndGlobalSection
EndGlobal
